
Microsoft Visual Studio Solution File, Format Version 12.00
# Visual Studio Version 16
VisualStudioVersion = 16.0.31205.134
MinimumVisualStudioVersion = 10.0.40219.1
Project("{FAE04EC0-301F-11D3-BF4B-00C04F79EFBC}") = "GeekBurguer.Broker", "GeekBurguer.Broker.csproj", "{BA122B1D-BE07-4213-84BE-DFDEE1D8C6F1}"
EndProject
Global
	GlobalSection(SolutionConfigurationPlatforms) = preSolution
		Debug|Any CPU = Debug|Any CPU
		Release|Any CPU = Release|Any CPU
	EndGlobalSection
	GlobalSection(ProjectConfigurationPlatforms) = postSolution
		{BA122B1D-BE07-4213-84BE-DFDEE1D8C6F1}.Debug|Any CPU.ActiveCfg = Debug|Any CPU
		{BA122B1D-BE07-4213-84BE-DFDEE1D8C6F1}.Debug|Any CPU.Build.0 = Debug|Any CPU
		{BA122B1D-BE07-4213-84BE-DFDEE1D8C6F1}.Release|Any CPU.ActiveCfg = Release|Any CPU
		{BA122B1D-BE07-4213-84BE-DFDEE1D8C6F1}.Release|Any CPU.Build.0 = Release|Any CPU
	EndGlobalSection
	GlobalSection(SolutionProperties) = preSolution
		HideSolutionNode = FALSE
	EndGlobalSection
	GlobalSection(ExtensibilityGlobals) = postSolution
		SolutionGuid = {4D8186AB-1A64-4AB2-A3CA-562E7973272E}
	EndGlobalSection
EndGlobal
